{
  "nodes": {
    "home-manager": {
      "inputs": {
        "nixpkgs": [
          "nixpkgs"
        ]
      },
      "locked": {
        "lastModified": 1785496534,
        "narHash": "sha256-EASdusMYLuPhOCrE3LmsAGOvGhX3vnKBLxFvj9lI8tU=",
        "owner": "nix-community",
        "repo": "home-manager",
        "rev": "e8827fbbb12015a8dd9f66285aec79d655bcb9f6",
        "type": "github"
      },
      "original": {
        "owner": "nix-community",
        "repo": "home-manager",
        "type": "github"
      }
    },
    "nixpkgs": {
      "locked": {
        "lastModified": 1785454630,
        "narHash": "sha256-Lr/ImHlbXabw7KPWfXWY4kkiiHb24PkmBZVVIm28V/c=",
        "rev": "1559d3daa3ecc813a650b79375ea61b6741b8746",
        "type": "tarball",
        "url": "https://releases.nixos.org/nixos/unstable/nixos-26.11pre1044798.1559d3daa3ec/nixexprs.tar.xz?lastModified=1785454630&rev=1559d3daa3ecc813a650b79375ea61b6741b8746"
      },
      "original": {
        "type": "tarball",
        "url": "https://nixos.org/channels/nixos-unstable/nixexprs.tar.xz"
      }
    },
    "root": {
      "inputs": {
        "home-manager": "home-manager",
        "nixpkgs": "nixpkgs"
      }
    }
  },
  "root": "root",
  "version": 7
}
